
Microsoft Visual Studio Solution File, Format Version 12.00
# Visual Studio 2010
Project("{2150E333-8FDC-42A3-9474-1A3956D46DE8}") = "Solution Items", "Solution Items", "{0F8710E0-254B-47E5-9ED5-76A3C3F8BAAF}"
	ProjectSection(SolutionItems) = preProject
		Dynamo.Ioc.vsmdi = Dynamo.Ioc.vsmdi
		Local.testsettings = Local.testsettings
		TraceAndTestImpact.testsettings = TraceAndTestImpact.testsettings
	EndProjectSection
EndProject
Project("{FAE04EC0-301F-11D3-BF4B-00C04F79EFBC}") = "Dynamo.Ioc.Website", "Dynamo.Ioc.Website\Dynamo.Ioc.Website.csproj", "{1626AC5D-2849-4637-902D-B78EFE67575E}"
EndProject
Project("{FAE04EC0-301F-11D3-BF4B-00C04F79EFBC}") = "Dynamo.Ioc.Tests", "Dynamo.Ioc.Tests\Dynamo.Ioc.Tests.csproj", "{885ECF2D-5C9F-43E7-9ECA-45DEF2FB40C3}"
EndProject
Project("{FAE04EC0-301F-11D3-BF4B-00C04F79EFBC}") = "Dynamo.Ioc", "Dynamo.Ioc\Dynamo.Ioc.csproj", "{AADD668B-8394-4276-A10B-C8C2EFD165FD}"
EndProject
Project("{FAE04EC0-301F-11D3-BF4B-00C04F79EFBC}") = "Dynamo.Ioc.Web", "Dynamo.Ioc.Web\Dynamo.Ioc.Web.csproj", "{47BA6C40-4D08-4434-A27A-ACFBF0039658}"
EndProject
Project("{FAE04EC0-301F-11D3-BF4B-00C04F79EFBC}") = "Dynamo.Ioc.Web.Tests", "Dynamo.Ioc.Web.Tests\Dynamo.Ioc.Web.Tests.csproj", "{FDB0FFD2-6BA2-418B-90E7-EBF2544259C5}"
EndProject
Project("{FAE04EC0-301F-11D3-BF4B-00C04F79EFBC}") = "Dynamo.Ioc.Extensions", "Dynamo.Ioc.Extensions\Dynamo.Ioc.Extensions.csproj", "{AE92E278-1A5F-4613-8334-B35AC8DA9E5C}"
EndProject
Project("{FAE04EC0-301F-11D3-BF4B-00C04F79EFBC}") = "Dynamo.Ioc.Extensions.Tests", "Dynamo.Ioc.Extensions.Tests\Dynamo.Ioc.Extensions.Tests.csproj", "{EFCD0EC4-EAE8-4A8F-B215-69ABE1AE9E63}"
EndProject
Project("{FAE04EC0-301F-11D3-BF4B-00C04F79EFBC}") = "Dynamo.Ioc.Net4", "Dynamo.Ioc.Net4\Dynamo.Ioc.Net4.csproj", "{7D69D939-DBA5-429B-941A-28A4F53C6030}"
EndProject
Project("{FAE04EC0-301F-11D3-BF4B-00C04F79EFBC}") = "Dynamo.Ioc.Extensions.Net4", "Dynamo.Ioc.Extensions.Net4\Dynamo.Ioc.Extensions.Net4.csproj", "{2BFCEC63-F32A-4FC8-AEEA-095C7B3CD02C}"
EndProject
Project("{FAE04EC0-301F-11D3-BF4B-00C04F79EFBC}") = "Dynamo.Ioc.Extensions.Tests.Net4", "Dynamo.Ioc.Extensions.Tests.Net4\Dynamo.Ioc.Extensions.Tests.Net4.csproj", "{5BD6DA5C-5094-4C49-95C2-1649BEFFDD2C}"
EndProject
Project("{FAE04EC0-301F-11D3-BF4B-00C04F79EFBC}") = "Dynamo.Ioc.Tests.Net4", "Dynamo.Ioc.Tests.Net4\Dynamo.Ioc.Tests.Net4.csproj", "{E12B3EEF-0DD0-4C51-B189-A9F48490385B}"
EndProject
Project("{FAE04EC0-301F-11D3-BF4B-00C04F79EFBC}") = "Dynamo.Ioc.Web.Net4", "Dynamo.Ioc.Web.Net4\Dynamo.Ioc.Web.Net4.csproj", "{9DEA36F2-CE16-486F-8920-24D40DA41AA2}"
EndProject
Project("{FAE04EC0-301F-11D3-BF4B-00C04F79EFBC}") = "Dynamo.Ioc.Web.Tests.Net4", "Dynamo.Ioc.Web.Tests.Net4\Dynamo.Ioc.Web.Tests.Net4.csproj", "{F21D5662-FF8B-4E05-AAB2-E64D7D8C88FF}"
EndProject
Global
	GlobalSection(TestCaseManagementSettings) = postSolution
		CategoryFile = Dynamo.Ioc.vsmdi
	EndGlobalSection
	GlobalSection(SolutionConfigurationPlatforms) = preSolution
		Debug|Any CPU = Debug|Any CPU
		Release|Any CPU = Release|Any CPU
	EndGlobalSection
	GlobalSection(ProjectConfigurationPlatforms) = postSolution
		{1626AC5D-2849-4637-902D-B78EFE67575E}.Debug|Any CPU.ActiveCfg = Debug|Any CPU
		{1626AC5D-2849-4637-902D-B78EFE67575E}.Debug|Any CPU.Build.0 = Debug|Any CPU
		{1626AC5D-2849-4637-902D-B78EFE67575E}.Release|Any CPU.ActiveCfg = Release|Any CPU
		{1626AC5D-2849-4637-902D-B78EFE67575E}.Release|Any CPU.Build.0 = Release|Any CPU
		{885ECF2D-5C9F-43E7-9ECA-45DEF2FB40C3}.Debug|Any CPU.ActiveCfg = Debug|Any CPU
		{885ECF2D-5C9F-43E7-9ECA-45DEF2FB40C3}.Debug|Any CPU.Build.0 = Debug|Any CPU
		{885ECF2D-5C9F-43E7-9ECA-45DEF2FB40C3}.Release|Any CPU.ActiveCfg = Release|Any CPU
		{885ECF2D-5C9F-43E7-9ECA-45DEF2FB40C3}.Release|Any CPU.Build.0 = Release|Any CPU
		{AADD668B-8394-4276-A10B-C8C2EFD165FD}.Debug|Any CPU.ActiveCfg = Debug|Any CPU
		{AADD668B-8394-4276-A10B-C8C2EFD165FD}.Debug|Any CPU.Build.0 = Debug|Any CPU
		{AADD668B-8394-4276-A10B-C8C2EFD165FD}.Release|Any CPU.ActiveCfg = Release|Any CPU
		{AADD668B-8394-4276-A10B-C8C2EFD165FD}.Release|Any CPU.Build.0 = Release|Any CPU
		{47BA6C40-4D08-4434-A27A-ACFBF0039658}.Debug|Any CPU.ActiveCfg = Debug|Any CPU
		{47BA6C40-4D08-4434-A27A-ACFBF0039658}.Debug|Any CPU.Build.0 = Debug|Any CPU
		{47BA6C40-4D08-4434-A27A-ACFBF0039658}.Release|Any CPU.ActiveCfg = Release|Any CPU
		{47BA6C40-4D08-4434-A27A-ACFBF0039658}.Release|Any CPU.Build.0 = Release|Any CPU
		{FDB0FFD2-6BA2-418B-90E7-EBF2544259C5}.Debug|Any CPU.ActiveCfg = Debug|Any CPU
		{FDB0FFD2-6BA2-418B-90E7-EBF2544259C5}.Debug|Any CPU.Build.0 = Debug|Any CPU
		{FDB0FFD2-6BA2-418B-90E7-EBF2544259C5}.Release|Any CPU.ActiveCfg = Release|Any CPU
		{FDB0FFD2-6BA2-418B-90E7-EBF2544259C5}.Release|Any CPU.Build.0 = Release|Any CPU
		{AE92E278-1A5F-4613-8334-B35AC8DA9E5C}.Debug|Any CPU.ActiveCfg = Debug|Any CPU
		{AE92E278-1A5F-4613-8334-B35AC8DA9E5C}.Debug|Any CPU.Build.0 = Debug|Any CPU
		{AE92E278-1A5F-4613-8334-B35AC8DA9E5C}.Release|Any CPU.ActiveCfg = Release|Any CPU
		{AE92E278-1A5F-4613-8334-B35AC8DA9E5C}.Release|Any CPU.Build.0 = Release|Any CPU
		{EFCD0EC4-EAE8-4A8F-B215-69ABE1AE9E63}.Debug|Any CPU.ActiveCfg = Debug|Any CPU
		{EFCD0EC4-EAE8-4A8F-B215-69ABE1AE9E63}.Debug|Any CPU.Build.0 = Debug|Any CPU
		{EFCD0EC4-EAE8-4A8F-B215-69ABE1AE9E63}.Release|Any CPU.ActiveCfg = Release|Any CPU
		{EFCD0EC4-EAE8-4A8F-B215-69ABE1AE9E63}.Release|Any CPU.Build.0 = Release|Any CPU
		{7D69D939-DBA5-429B-941A-28A4F53C6030}.Debug|Any CPU.ActiveCfg = Debug|Any CPU
		{7D69D939-DBA5-429B-941A-28A4F53C6030}.Debug|Any CPU.Build.0 = Debug|Any CPU
		{7D69D939-DBA5-429B-941A-28A4F53C6030}.Release|Any CPU.ActiveCfg = Release|Any CPU
		{7D69D939-DBA5-429B-941A-28A4F53C6030}.Release|Any CPU.Build.0 = Release|Any CPU
		{2BFCEC63-F32A-4FC8-AEEA-095C7B3CD02C}.Debug|Any CPU.ActiveCfg = Debug|Any CPU
		{2BFCEC63-F32A-4FC8-AEEA-095C7B3CD02C}.Debug|Any CPU.Build.0 = Debug|Any CPU
		{2BFCEC63-F32A-4FC8-AEEA-095C7B3CD02C}.Release|Any CPU.ActiveCfg = Release|Any CPU
		{2BFCEC63-F32A-4FC8-AEEA-095C7B3CD02C}.Release|Any CPU.Build.0 = Release|Any CPU
		{5BD6DA5C-5094-4C49-95C2-1649BEFFDD2C}.Debug|Any CPU.ActiveCfg = Debug|Any CPU
		{5BD6DA5C-5094-4C49-95C2-1649BEFFDD2C}.Debug|Any CPU.Build.0 = Debug|Any CPU
		{5BD6DA5C-5094-4C49-95C2-1649BEFFDD2C}.Release|Any CPU.ActiveCfg = Release|Any CPU
		{5BD6DA5C-5094-4C49-95C2-1649BEFFDD2C}.Release|Any CPU.Build.0 = Release|Any CPU
		{E12B3EEF-0DD0-4C51-B189-A9F48490385B}.Debug|Any CPU.ActiveCfg = Debug|Any CPU
		{E12B3EEF-0DD0-4C51-B189-A9F48490385B}.Debug|Any CPU.Build.0 = Debug|Any CPU
		{E12B3EEF-0DD0-4C51-B189-A9F48490385B}.Release|Any CPU.ActiveCfg = Release|Any CPU
		{E12B3EEF-0DD0-4C51-B189-A9F48490385B}.Release|Any CPU.Build.0 = Release|Any CPU
		{9DEA36F2-CE16-486F-8920-24D40DA41AA2}.Debug|Any CPU.ActiveCfg = Debug|Any CPU
		{9DEA36F2-CE16-486F-8920-24D40DA41AA2}.Debug|Any CPU.Build.0 = Debug|Any CPU
		{9DEA36F2-CE16-486F-8920-24D40DA41AA2}.Release|Any CPU.ActiveCfg = Release|Any CPU
		{9DEA36F2-CE16-486F-8920-24D40DA41AA2}.Release|Any CPU.Build.0 = Release|Any CPU
		{F21D5662-FF8B-4E05-AAB2-E64D7D8C88FF}.Debug|Any CPU.ActiveCfg = Debug|Any CPU
		{F21D5662-FF8B-4E05-AAB2-E64D7D8C88FF}.Debug|Any CPU.Build.0 = Debug|Any CPU
		{F21D5662-FF8B-4E05-AAB2-E64D7D8C88FF}.Release|Any CPU.ActiveCfg = Release|Any CPU
		{F21D5662-FF8B-4E05-AAB2-E64D7D8C88FF}.Release|Any CPU.Build.0 = Release|Any CPU
	EndGlobalSection
	GlobalSection(SolutionProperties) = preSolution
		HideSolutionNode = FALSE
	EndGlobalSection
EndGlobal
